// !$*UTF8*$!
{
	archiveVersion = 1;
	classes = {
	};
	objectVersion = 56;
	objects = {

/* Begin PBXBuildFile section */
		8753518529A24D49009B1CE3 /* PopUp.swift in Sources */ = {isa = PBXBuildFile; fileRef = 8753518429A24D49009B1CE3 /* PopUp.swift */; };
		8753518729A24D73009B1CE3 /* View.xib in Resources */ = {isa = PBXBuildFile; fileRef = 8753518629A24D73009B1CE3 /* View.xib */; };
		87A202AF29A3D03600E1D19B /* Mixpanel in Frameworks */ = {isa = PBXBuildFile; productRef = 87A202AE29A3D03600E1D19B /* Mixpanel */; };
		87A202B229A3D73400E1D19B /* Mixpanel in Frameworks */ = {isa = PBXBuildFile; productRef = 87A202B129A3D73400E1D19B /* Mixpanel */; };
		87A48D3529A2D7E20071039A /* TranslatePopUp.swift in Sources */ = {isa = PBXBuildFile; fileRef = 87A48D3329A2D7E20071039A /* TranslatePopUp.swift */; };
		87A48D3629A2D7E20071039A /* TranslatePopUp.xib in Resources */ = {isa = PBXBuildFile; fileRef = 87A48D3429A2D7E20071039A /* TranslatePopUp.xib */; };
		87A5ADA229A3014600B15DFA /* RephrasePopUp.swift in Sources */ = {isa = PBXBuildFile; fileRef = 87A5ADA029A3014600B15DFA /* RephrasePopUp.swift */; };
		87A5ADA329A3014600B15DFA /* RephrasePopUp.xib in Resources */ = {isa = PBXBuildFile; fileRef = 87A5ADA129A3014600B15DFA /* RephrasePopUp.xib */; };
		87A6C4352990693F004C0278 /* kb.storyboard in Resources */ = {isa = PBXBuildFile; fileRef = 87A6C4342990693F004C0278 /* kb.storyboard */; };
		87ACB1D5298EE95C00FFC499 /* tzpi_2App.swift in Sources */ = {isa = PBXBuildFile; fileRef = 87ACB1D4298EE95C00FFC499 /* tzpi_2App.swift */; };
		87ACB1D7298EE95C00FFC499 /* ContentView.swift in Sources */ = {isa = PBXBuildFile; fileRef = 87ACB1D6298EE95C00FFC499 /* ContentView.swift */; };
		87ACB1D9298EE95E00FFC499 /* Assets.xcassets in Resources */ = {isa = PBXBuildFile; fileRef = 87ACB1D8298EE95E00FFC499 /* Assets.xcassets */; };
		87ACB1DC298EE95E00FFC499 /* Preview Assets.xcassets in Resources */ = {isa = PBXBuildFile; fileRef = 87ACB1DB298EE95E00FFC499 /* Preview Assets.xcassets */; };
		87ACB1E6298EE95E00FFC499 /* tzpi_2Tests.swift in Sources */ = {isa = PBXBuildFile; fileRef = 87ACB1E5298EE95E00FFC499 /* tzpi_2Tests.swift */; };
		87ACB1F0298EE95E00FFC499 /* tzpi_2UITests.swift in Sources */ = {isa = PBXBuildFile; fileRef = 87ACB1EF298EE95E00FFC499 /* tzpi_2UITests.swift */; };
		87ACB1F2298EE95E00FFC499 /* tzpi_2UITestsLaunchTests.swift in Sources */ = {isa = PBXBuildFile; fileRef = 87ACB1F1298EE95E00FFC499 /* tzpi_2UITestsLaunchTests.swift */; };
		87ACB205298EE9A000FFC499 /* KeyboardViewController.swift in Sources */ = {isa = PBXBuildFile; fileRef = 87ACB204298EE9A000FFC499 /* KeyboardViewController.swift */; };
		87ACB209298EE9A000FFC499 /* tzpi2.appex in Embed Foundation Extensions */ = {isa = PBXBuildFile; fileRef = 87ACB202298EE99F00FFC499 /* tzpi2.appex */; settings = {ATTRIBUTES = (RemoveHeadersOnCopy, ); }; };
/* End PBXBuildFile section */

/* Begin PBXContainerItemProxy section */
		87ACB1E2298EE95E00FFC499 /* PBXContainerItemProxy */ = {
			isa = PBXContainerItemProxy;
			containerPortal = 87ACB1C9298EE95C00FFC499 /* Project object */;
			proxyType = 1;
			remoteGlobalIDString = 87ACB1D0298EE95C00FFC499;
			remoteInfo = "tzpi 2";
		};
		87ACB1EC298EE95E00FFC499 /* PBXContainerItemProxy */ = {
			isa = PBXContainerItemProxy;
			containerPortal = 87ACB1C9298EE95C00FFC499 /* Project object */;
			proxyType = 1;
			remoteGlobalIDString = 87ACB1D0298EE95C00FFC499;
			remoteInfo = "tzpi 2";
		};
		87ACB207298EE9A000FFC499 /* PBXContainerItemProxy */ = {
			isa = PBXContainerItemProxy;
			containerPortal = 87ACB1C9298EE95C00FFC499 /* Project object */;
			proxyType = 1;
			remoteGlobalIDString = 87ACB201298EE99F00FFC499;
			remoteInfo = tzpi2;
		};
/* End PBXContainerItemProxy section */

/* Begin PBXCopyFilesBuildPhase section */
		87ACB20D298EE9A100FFC499 /* Embed Foundation Extensions */ = {
			isa = PBXCopyFilesBuildPhase;
			buildActionMask = 2147483647;
			dstPath = "";
			dstSubfolderSpec = 13;
			files = (
				87ACB209298EE9A000FFC499 /* tzpi2.appex in Embed Foundation Extensions */,
			);
			name = "Embed Foundation Extensions";
			runOnlyForDeploymentPostprocessing = 0;
		};
/* End PBXCopyFilesBuildPhase section */

/* Begin PBXFileReference section */
		8753518429A24D49009B1CE3 /* PopUp.swift */ = {isa = PBXFileReference; lastKnownFileType = sourcecode.swift; path = PopUp.swift; sourceTree = "<group>"; };
		8753518629A24D73009B1CE3 /* View.xib */ = {isa = PBXFileReference; lastKnownFileType = file.xib; path = View.xib; sourceTree = "<group>"; };
		87A2D1AF29912A5C0024DF30 /* tzpi 2.entitlements */ = {isa = PBXFileReference; lastKnownFileType = text.plist.entitlements; path = "tzpi 2.entitlements"; sourceTree = "<group>"; };
		87A2D1B029912C510024DF30 /* tzpi2.entitlements */ = {isa = PBXFileReference; lastKnownFileType = text.plist.entitlements; path = tzpi2.entitlements; sourceTree = "<group>"; };
		87A48D3329A2D7E20071039A /* TranslatePopUp.swift */ = {isa = PBXFileReference; lastKnownFileType = sourcecode.swift; path = TranslatePopUp.swift; sourceTree = "<group>"; };
		87A48D3429A2D7E20071039A /* TranslatePopUp.xib */ = {isa = PBXFileReference; lastKnownFileType = file.xib; path = TranslatePopUp.xib; sourceTree = "<group>"; };
		87A5ADA029A3014600B15DFA /* RephrasePopUp.swift */ = {isa = PBXFileReference; lastKnownFileType = sourcecode.swift; path = RephrasePopUp.swift; sourceTree = "<group>"; };
		87A5ADA129A3014600B15DFA /* RephrasePopUp.xib */ = {isa = PBXFileReference; lastKnownFileType = file.xib; path = RephrasePopUp.xib; sourceTree = "<group>"; };
		87A6C4342990693F004C0278 /* kb.storyboard */ = {isa = PBXFileReference; lastKnownFileType = file.storyboard; path = kb.storyboard; sourceTree = "<group>"; };
		87ACB1D1298EE95C00FFC499 /* tzpi 2.app */ = {isa = PBXFileReference; explicitFileType = wrapper.application; includeInIndex = 0; path = "tzpi 2.app"; sourceTree = BUILT_PRODUCTS_DIR; };
		87ACB1D4298EE95C00FFC499 /* tzpi_2App.swift */ = {isa = PBXFileReference; lastKnownFileType = sourcecode.swift; path = tzpi_2App.swift; sourceTree = "<group>"; };
		87ACB1D6298EE95C00FFC499 /* ContentView.swift */ = {isa = PBXFileReference; lastKnownFileType = sourcecode.swift; path = ContentView.swift; sourceTree = "<group>"; };
		87ACB1D8298EE95E00FFC499 /* Assets.xcassets */ = {isa = PBXFileReference; lastKnownFileType = folder.assetcatalog; path = Assets.xcassets; sourceTree = "<group>"; };
		87ACB1DB298EE95E00FFC499 /* Preview Assets.xcassets */ = {isa = PBXFileReference; lastKnownFileType = folder.assetcatalog; path = "Preview Assets.xcassets"; sourceTree = "<group>"; };
		87ACB1E1298EE95E00FFC499 /* tzpi 2Tests.xctest */ = {isa = PBXFileReference; explicitFileType = wrapper.cfbundle; includeInIndex = 0; path = "tzpi 2Tests.xctest"; sourceTree = BUILT_PRODUCTS_DIR; };
		87ACB1E5298EE95E00FFC499 /* tzpi_2Tests.swift */ = {isa = PBXFileReference; lastKnownFileType = sourcecode.swift; path = tzpi_2Tests.swift; sourceTree = "<group>"; };
		87ACB1EB298EE95E00FFC499 /* tzpi 2UITests.xctest */ = {isa = PBXFileReference; explicitFileType = wrapper.cfbundle; includeInIndex = 0; path = "tzpi 2UITests.xctest"; sourceTree = BUILT_PRODUCTS_DIR; };
		87ACB1EF298EE95E00FFC499 /* tzpi_2UITests.swift */ = {isa = PBXFileReference; lastKnownFileType = sourcecode.swift; path = tzpi_2UITests.swift; sourceTree = "<group>"; };
		87ACB1F1298EE95E00FFC499 /* tzpi_2UITestsLaunchTests.swift */ = {isa = PBXFileReference; lastKnownFileType = sourcecode.swift; path = tzpi_2UITestsLaunchTests.swift; sourceTree = "<group>"; };
		87ACB202298EE99F00FFC499 /* tzpi2.appex */ = {isa = PBXFileReference; explicitFileType = "wrapper.app-extension"; includeInIndex = 0; path = tzpi2.appex; sourceTree = BUILT_PRODUCTS_DIR; };
		87ACB204298EE9A000FFC499 /* KeyboardViewController.swift */ = {isa = PBXFileReference; lastKnownFileType = sourcecode.swift; path = KeyboardViewController.swift; sourceTree = "<group>"; };
		87ACB206298EE9A000FFC499 /* Info.plist */ = {isa = PBXFileReference; lastKnownFileType = text.plist.xml; path = Info.plist; sourceTree = "<group>"; };
		87AF400629A4DBA30037C0DC /* tzpi-2-Info.plist */ = {isa = PBXFileReference; lastKnownFileType = text.plist; path = "tzpi-2-Info.plist"; sourceTree = SOURCE_ROOT; };
/* End PBXFileReference section */

/* Begin PBXFrameworksBuildPhase section */
		87ACB1CE298EE95C00FFC499 /* Frameworks */ = {
			isa = PBXFrameworksBuildPhase;
			buildActionMask = 2147483647;
			files = (
				87A202AF29A3D03600E1D19B /* Mixpanel in Frameworks */,
			);
			runOnlyForDeploymentPostprocessing = 0;
		};
		87ACB1DE298EE95E00FFC499 /* Frameworks */ = {
			isa = PBXFrameworksBuildPhase;
			buildActionMask = 2147483647;
			files = (
			);
			runOnlyForDeploymentPostprocessing = 0;
		};
		87ACB1E8298EE95E00FFC499 /* Frameworks */ = {
			isa = PBXFrameworksBuildPhase;
			buildActionMask = 2147483647;
			files = (
			);
			runOnlyForDeploymentPostprocessing = 0;
		};
		87ACB1FF298EE99F00FFC499 /* Frameworks */ = {
			isa = PBXFrameworksBuildPhase;
			buildActionMask = 2147483647;
			files = (
				87A202B229A3D73400E1D19B /* Mixpanel in Frameworks */,
			);
			runOnlyForDeploymentPostprocessing = 0;
		};
/* End PBXFrameworksBuildPhase section */

/* Begin PBXGroup section */
		87A202B029A3D73400E1D19B /* Frameworks */ = {
			isa = PBXGroup;
			children = (
			);
			name = Frameworks;
			sourceTree = "<group>";
		};
		87ACB1C8298EE95C00FFC499 = {
			isa = PBXGroup;
			children = (
				87ACB1D3298EE95C00FFC499 /* tzpi 2 */,
				87ACB1E4298EE95E00FFC499 /* tzpi 2Tests */,
				87ACB1EE298EE95E00FFC499 /* tzpi 2UITests */,
				87ACB203298EE9A000FFC499 /* tzpi2 */,
				87ACB1D2298EE95C00FFC499 /* Products */,
				87A202B029A3D73400E1D19B /* Frameworks */,
			);
			sourceTree = "<group>";
		};
		87ACB1D2298EE95C00FFC499 /* Products */ = {
			isa = PBXGroup;
			children = (
				87ACB1D1298EE95C00FFC499 /* tzpi 2.app */,
				87ACB1E1298EE95E00FFC499 /* tzpi 2Tests.xctest */,
				87ACB1EB298EE95E00FFC499 /* tzpi 2UITests.xctest */,
				87ACB202298EE99F00FFC499 /* tzpi2.appex */,
			);
			name = Products;
			sourceTree = "<group>";
		};
		87ACB1D3298EE95C00FFC499 /* tzpi 2 */ = {
			isa = PBXGroup;
			children = (
				87AF400629A4DBA30037C0DC /* tzpi-2-Info.plist */,
				87A2D1AF29912A5C0024DF30 /* tzpi 2.entitlements */,
				87ACB1D4298EE95C00FFC499 /* tzpi_2App.swift */,
				87ACB1D6298EE95C00FFC499 /* ContentView.swift */,
				87ACB1D8298EE95E00FFC499 /* Assets.xcassets */,
				87ACB1DA298EE95E00FFC499 /* Preview Content */,
			);
			path = "tzpi 2";
			sourceTree = "<group>";
		};
		87ACB1DA298EE95E00FFC499 /* Preview Content */ = {
			isa = PBXGroup;
			children = (
				87ACB1DB298EE95E00FFC499 /* Preview Assets.xcassets */,
			);
			path = "Preview Content";
			sourceTree = "<group>";
		};
		87ACB1E4298EE95E00FFC499 /* tzpi 2Tests */ = {
			isa = PBXGroup;
			children = (
				87ACB1E5298EE95E00FFC499 /* tzpi_2Tests.swift */,
			);
			path = "tzpi 2Tests";
			sourceTree = "<group>";
		};
		87ACB1EE298EE95E00FFC499 /* tzpi 2UITests */ = {
			isa = PBXGroup;
			children = (
				87ACB1EF298EE95E00FFC499 /* tzpi_2UITests.swift */,
				87ACB1F1298EE95E00FFC499 /* tzpi_2UITestsLaunchTests.swift */,
			);
			path = "tzpi 2UITests";
			sourceTree = "<group>";
		};
		87ACB203298EE9A000FFC499 /* tzpi2 */ = {
			isa = PBXGroup;
			children = (
				87A2D1B029912C510024DF30 /* tzpi2.entitlements */,
				87ACB204298EE9A000FFC499 /* KeyboardViewController.swift */,
				8753518429A24D49009B1CE3 /* PopUp.swift */,
				8753518629A24D73009B1CE3 /* View.xib */,
				87ACB206298EE9A000FFC499 /* Info.plist */,
				87A6C4342990693F004C0278 /* kb.storyboard */,
				87A48D3329A2D7E20071039A /* TranslatePopUp.swift */,
				87A48D3429A2D7E20071039A /* TranslatePopUp.xib */,
				87A5ADA029A3014600B15DFA /* RephrasePopUp.swift */,
				87A5ADA129A3014600B15DFA /* RephrasePopUp.xib */,
			);
			path = tzpi2;
			sourceTree = "<group>";
		};
/* End PBXGroup section */

/* Begin PBXNativeTarget section */
		87ACB1D0298EE95C00FFC499 /* tzpi 2 */ = {
			isa = PBXNativeTarget;
			buildConfigurationList = 87ACB1F5298EE95E00FFC499 /* Build configuration list for PBXNativeTarget "tzpi 2" */;
			buildPhases = (
				87ACB1CD298EE95C00FFC499 /* Sources */,
				87ACB1CE298EE95C00FFC499 /* Frameworks */,
				87ACB1CF298EE95C00FFC499 /* Resources */,
				87ACB20D298EE9A100FFC499 /* Embed Foundation Extensions */,
			);
			buildRules = (
			);
			dependencies = (
				87ACB208298EE9A000FFC499 /* PBXTargetDependency */,
			);
			name = "tzpi 2";
			packageProductDependencies = (
				87A202AE29A3D03600E1D19B /* Mixpanel */,
			);
			productName = "tzpi 2";
			productReference = 87ACB1D1298EE95C00FFC499 /* tzpi 2.app */;
			productType = "com.apple.product-type.application";
		};
		87ACB1E0298EE95E00FFC499 /* tzpi 2Tests */ = {
			isa = PBXNativeTarget;
			buildConfigurationList = 87ACB1F8298EE95E00FFC499 /* Build configuration list for PBXNativeTarget "tzpi 2Tests" */;
			buildPhases = (
				87ACB1DD298EE95E00FFC499 /* Sources */,
				87ACB1DE298EE95E00FFC499 /* Frameworks */,
				87ACB1DF298EE95E00FFC499 /* Resources */,
			);
			buildRules = (
			);
			dependencies = (
				87ACB1E3298EE95E00FFC499 /* PBXTargetDependency */,
			);
			name = "tzpi 2Tests";
			productName = "tzpi 2Tests";
			productReference = 87ACB1E1298EE95E00FFC499 /* tzpi 2Tests.xctest */;
			productType = "com.apple.product-type.bundle.unit-test";
		};
		87ACB1EA298EE95E00FFC499 /* tzpi 2UITests */ = {
			isa = PBXNativeTarget;
			buildConfigurationList = 87ACB1FB298EE95E00FFC499 /* Build configuration list for PBXNativeTarget "tzpi 2UITests" */;
			buildPhases = (
				87ACB1E7298EE95E00FFC499 /* Sources */,
				87ACB1E8298EE95E00FFC499 /* Frameworks */,
				87ACB1E9298EE95E00FFC499 /* Resources */,
			);
			buildRules = (
			);
			dependencies = (
				87ACB1ED298EE95E00FFC499 /* PBXTargetDependency */,
			);
			name = "tzpi 2UITests";
			productName = "tzpi 2UITests";
			productReference = 87ACB1EB298EE95E00FFC499 /* tzpi 2UITests.xctest */;
			productType = "com.apple.product-type.bundle.ui-testing";
		};
		87ACB201298EE99F00FFC499 /* tzpi2 */ = {
			isa = PBXNativeTarget;
			buildConfigurationList = 87ACB20A298EE9A100FFC499 /* Build configuration list for PBXNativeTarget "tzpi2" */;
			buildPhases = (
				87ACB1FE298EE99F00FFC499 /* Sources */,
				87ACB1FF298EE99F00FFC499 /* Frameworks */,
				87ACB200298EE99F00FFC499 /* Resources */,
			);
			buildRules = (
			);
			dependencies = (
			);
			name = tzpi2;
			packageProductDependencies = (
				87A202B129A3D73400E1D19B /* Mixpanel */,
			);
			productName = tzpi2;
			productReference = 87ACB202298EE99F00FFC499 /* tzpi2.appex */;
			productType = "com.apple.product-type.app-extension";
		};
/* End PBXNativeTarget section */

/* Begin PBXProject section */
		87ACB1C9298EE95C00FFC499 /* Project object */ = {
			isa = PBXProject;
			attributes = {
				BuildIndependentTargetsInParallel = 1;
				LastSwiftUpdateCheck = 1420;
				LastUpgradeCheck = 1420;
				TargetAttributes = {
					87ACB1D0298EE95C00FFC499 = {
						CreatedOnToolsVersion = 14.2;
					};
					87ACB1E0298EE95E00FFC499 = {
						CreatedOnToolsVersion = 14.2;
						TestTargetID = 87ACB1D0298EE95C00FFC499;
					};
					87ACB1EA298EE95E00FFC499 = {
						CreatedOnToolsVersion = 14.2;
						TestTargetID = 87ACB1D0298EE95C00FFC499;
					};
					87ACB201298EE99F00FFC499 = {
						CreatedOnToolsVersion = 14.2;
					};
				};
			};
			buildConfigurationList = 87ACB1CC298EE95C00FFC499 /* Build configuration list for PBXProject "tzpi 2" */;
			compatibilityVersion = "Xcode 14.0";
			developmentRegion = en;
			hasScannedForEncodings = 0;
			knownRegions = (
				en,
				Base,
			);
			mainGroup = 87ACB1C8298EE95C00FFC499;
			packageReferences = (
				87A202AD29A3D03600E1D19B /* XCRemoteSwiftPackageReference "mixpanel-swift" */,
			);
			productRefGroup = 87ACB1D2298EE95C00FFC499 /* Products */;
			projectDirPath = "";
			projectRoot = "";
			targets = (
				87ACB1D0298EE95C00FFC499 /* tzpi 2 */,
				87ACB1E0298EE95E00FFC499 /* tzpi 2Tests */,
				87ACB1EA298EE95E00FFC499 /* tzpi 2UITests */,
				87ACB201298EE99F00FFC499 /* tzpi2 */,
			);
		};
/* End PBXProject section */

/* Begin PBXResourcesBuildPhase section */
		87ACB1CF298EE95C00FFC499 /* Resources */ = {
			isa = PBXResourcesBuildPhase;
			buildActionMask = 2147483647;
			files = (
				87ACB1DC298EE95E00FFC499 /* Preview Assets.xcassets in Resources */,
				87ACB1D9298EE95E00FFC499 /* Assets.xcassets in Resources */,
			);
			runOnlyForDeploymentPostprocessing = 0;
		};
		87ACB1DF298EE95E00FFC499 /* Resources */ = {
			isa = PBXResourcesBuildPhase;
			buildActionMask = 2147483647;
			files = (
			);
			runOnlyForDeploymentPostprocessing = 0;
		};
		87ACB1E9298EE95E00FFC499 /* Resources */ = {
			isa = PBXResourcesBuildPhase;
			buildActionMask = 2147483647;
			files = (
			);
			runOnlyForDeploymentPostprocessing = 0;
		};
		87ACB200298EE99F00FFC499 /* Resources */ = {
			isa = PBXResourcesBuildPhase;
			buildActionMask = 2147483647;
			files = (
				8753518729A24D73009B1CE3 /* View.xib in Resources */,
				87A48D3629A2D7E20071039A /* TranslatePopUp.xib in Resources */,
				87A6C4352990693F004C0278 /* kb.storyboard in Resources */,
				87A5ADA329A3014600B15DFA /* RephrasePopUp.xib in Resources */,
			);
			runOnlyForDeploymentPostprocessing = 0;
		};
/* End PBXResourcesBuildPhase section */

/* Begin PBXSourcesBuildPhase section */
		87ACB1CD298EE95C00FFC499 /* Sources */ = {
			isa = PBXSourcesBuildPhase;
			buildActionMask = 2147483647;
			files = (
				87ACB1D7298EE95C00FFC499 /* ContentView.swift in Sources */,
				87ACB1D5298EE95C00FFC499 /* tzpi_2App.swift in Sources */,
			);
			runOnlyForDeploymentPostprocessing = 0;
		};
		87ACB1DD298EE95E00FFC499 /* Sources */ = {
			isa = PBXSourcesBuildPhase;
			buildActionMask = 2147483647;
			files = (
				87ACB1E6298EE95E00FFC499 /* tzpi_2Tests.swift in Sources */,
			);
			runOnlyForDeploymentPostprocessing = 0;
		};
		87ACB1E7298EE95E00FFC499 /* Sources */ = {
			isa = PBXSourcesBuildPhase;
			buildActionMask = 2147483647;
			files = (
				87ACB1F2298EE95E00FFC499 /* tzpi_2UITestsLaunchTests.swift in Sources */,
				87ACB1F0298EE95E00FFC499 /* tzpi_2UITests.swift in Sources */,
			);
			runOnlyForDeploymentPostprocessing = 0;
		};
		87ACB1FE298EE99F00FFC499 /* Sources */ = {
			isa = PBXSourcesBuildPhase;
			buildActionMask = 2147483647;
			files = (
				8753518529A24D49009B1CE3 /* PopUp.swift in Sources */,
				87A5ADA229A3014600B15DFA /* RephrasePopUp.swift in Sources */,
				87A48D3529A2D7E20071039A /* TranslatePopUp.swift in Sources */,
				87ACB205298EE9A000FFC499 /* KeyboardViewController.swift in Sources */,
			);
			runOnlyForDeploymentPostprocessing = 0;
		};
/* End PBXSourcesBuildPhase section */

/* Begin PBXTargetDependency section */
		87ACB1E3298EE95E00FFC499 /* PBXTargetDependency */ = {
			isa = PBXTargetDependency;
			target = 87ACB1D0298EE95C00FFC499 /* tzpi 2 */;
			targetProxy = 87ACB1E2298EE95E00FFC499 /* PBXContainerItemProxy */;
		};
		87ACB1ED298EE95E00FFC499 /* PBXTargetDependency */ = {
			isa = PBXTargetDependency;
			target = 87ACB1D0298EE95C00FFC499 /* tzpi 2 */;
			targetProxy = 87ACB1EC298EE95E00FFC499 /* PBXContainerItemProxy */;
		};
		87ACB208298EE9A000FFC499 /* PBXTargetDependency */ = {
			isa = PBXTargetDependency;
			target = 87ACB201298EE99F00FFC499 /* tzpi2 */;
			targetProxy = 87ACB207298EE9A000FFC499 /* PBXContainerItemProxy */;
		};
/* End PBXTargetDependency section */

/* Begin XCBuildConfiguration section */
		87ACB1F3298EE95E00FFC499 /* Debug */ = {
			isa = XCBuildConfiguration;
			buildSettings = {
				ALWAYS_SEARCH_USER_PATHS = NO;
				CLANG_ANALYZER_NONNULL = YES;
				CLANG_ANALYZER_NUMBER_OBJECT_CONVERSION = YES_AGGRESSIVE;
				CLANG_CXX_LANGUAGE_STANDARD = "gnu++20";
				CLANG_ENABLE_MODULES = YES;
				CLANG_ENABLE_OBJC_ARC = YES;
				CLANG_ENABLE_OBJC_WEAK = YES;
				CLANG_WARN_BLOCK_CAPTURE_AUTORELEASING = YES;
				CLANG_WARN_BOOL_CONVERSION = YES;
				CLANG_WARN_COMMA = YES;
				CLANG_WARN_CONSTANT_CONVERSION = YES;
				CLANG_WARN_DEPRECATED_OBJC_IMPLEMENTATIONS = YES;
				CLANG_WARN_DIRECT_OBJC_ISA_USAGE = YES_ERROR;
				CLANG_WARN_DOCUMENTATION_COMMENTS = YES;
				CLANG_WARN_EMPTY_BODY = YES;
				CLANG_WARN_ENUM_CONVERSION = YES;
				CLANG_WARN_INFINITE_RECURSION = YES;
				CLANG_WARN_INT_CONVERSION = YES;
				CLANG_WARN_NON_LITERAL_NULL_CONVERSION = YES;
				CLANG_WARN_OBJC_IMPLICIT_RETAIN_SELF = YES;
				CLANG_WARN_OBJC_LITERAL_CONVERSION = YES;
				CLANG_WARN_OBJC_ROOT_CLASS = YES_ERROR;
				CLANG_WARN_QUOTED_INCLUDE_IN_FRAMEWORK_HEADER = YES;
				CLANG_WARN_RANGE_LOOP_ANALYSIS = YES;
				CLANG_WARN_STRICT_PROTOTYPES = YES;
				CLANG_WARN_SUSPICIOUS_MOVE = YES;
				CLANG_WARN_UNGUARDED_AVAILABILITY = YES_AGGRESSIVE;
				CLANG_WARN_UNREACHABLE_CODE = YES;
				CLANG_WARN__DUPLICATE_METHOD_MATCH = YES;
				COPY_PHASE_STRIP = NO;
				DEBUG_INFORMATION_FORMAT = dwarf;
				ENABLE_STRICT_OBJC_MSGSEND = YES;
				ENABLE_TESTABILITY = YES;
				GCC_C_LANGUAGE_STANDARD = gnu11;
				GCC_DYNAMIC_NO_PIC = NO;
				GCC_NO_COMMON_BLOCKS = YES;
				GCC_OPTIMIZATION_LEVEL = 0;
				GCC_PREPROCESSOR_DEFINITIONS = (
					"DEBUG=1",
					"$(inherited)",
				);
				GCC_WARN_64_TO_32_BIT_CONVERSION = YES;
				GCC_WARN_ABOUT_RETURN_TYPE = YES_ERROR;
				GCC_WARN_UNDECLARED_SELECTOR = YES;
				GCC_WARN_UNINITIALIZED_AUTOS = YES_AGGRESSIVE;
				GCC_WARN_UNUSED_FUNCTION = YES;
				GCC_WARN_UNUSED_VARIABLE = YES;
				IPHONEOS_DEPLOYMENT_TARGET = 16.0;
				MTL_ENABLE_DEBUG_INFO = INCLUDE_SOURCE;
				MTL_FAST_MATH = YES;
				ONLY_ACTIVE_ARCH = YES;
				SDKROOT = iphoneos;
				SWIFT_ACTIVE_COMPILATION_CONDITIONS = DEBUG;
				SWIFT_OPTIMIZATION_LEVEL = "-Onone";
			};
			name = Debug;
		};
		87ACB1F4298EE95E00FFC499 /* Release */ = {
			isa = XCBuildConfiguration;
			buildSettings = {
				ALWAYS_SEARCH_USER_PATHS = NO;
				CLANG_ANALYZER_NONNULL = YES;
				CLANG_ANALYZER_NUMBER_OBJECT_CONVERSION = YES_AGGRESSIVE;
				CLANG_CXX_LANGUAGE_STANDARD = "gnu++20";
				CLANG_ENABLE_MODULES = YES;
				CLANG_ENABLE_OBJC_ARC = YES;
				CLANG_ENABLE_OBJC_WEAK = YES;
				CLANG_WARN_BLOCK_CAPTURE_AUTORELEASING = YES;
				CLANG_WARN_BOOL_CONVERSION = YES;
				CLANG_WARN_COMMA = YES;
				CLANG_WARN_CONSTANT_CONVERSION = YES;
				CLANG_WARN_DEPRECATED_OBJC_IMPLEMENTATIONS = YES;
				CLANG_WARN_DIRECT_OBJC_ISA_USAGE = YES_ERROR;
				CLANG_WARN_DOCUMENTATION_COMMENTS = YES;
				CLANG_WARN_EMPTY_BODY = YES;
				CLANG_WARN_ENUM_CONVERSION = YES;
				CLANG_WARN_INFINITE_RECURSION = YES;
				CLANG_WARN_INT_CONVERSION = YES;
				CLANG_WARN_NON_LITERAL_NULL_CONVERSION = YES;
				CLANG_WARN_OBJC_IMPLICIT_RETAIN_SELF = YES;
				CLANG_WARN_OBJC_LITERAL_CONVERSION = YES;
				CLANG_WARN_OBJC_ROOT_CLASS = YES_ERROR;
				CLANG_WARN_QUOTED_INCLUDE_IN_FRAMEWORK_HEADER = YES;
				CLANG_WARN_RANGE_LOOP_ANALYSIS = YES;
				CLANG_WARN_STRICT_PROTOTYPES = YES;
				CLANG_WARN_SUSPICIOUS_MOVE = YES;
				CLANG_WARN_UNGUARDED_AVAILABILITY = YES_AGGRESSIVE;
				CLANG_WARN_UNREACHABLE_CODE = YES;
				CLANG_WARN__DUPLICATE_METHOD_MATCH = YES;
				COPY_PHASE_STRIP = NO;
				DEBUG_INFORMATION_FORMAT = "dwarf-with-dsym";
				ENABLE_NS_ASSERTIONS = NO;
				ENABLE_STRICT_OBJC_MSGSEND = YES;
				GCC_C_LANGUAGE_STANDARD = gnu11;
				GCC_NO_COMMON_BLOCKS = YES;
				GCC_WARN_64_TO_32_BIT_CONVERSION = YES;
				GCC_WARN_ABOUT_RETURN_TYPE = YES_ERROR;
				GCC_WARN_UNDECLARED_SELECTOR = YES;
				GCC_WARN_UNINITIALIZED_AUTOS = YES_AGGRESSIVE;
				GCC_WARN_UNUSED_FUNCTION = YES;
				GCC_WARN_UNUSED_VARIABLE = YES;
				IPHONEOS_DEPLOYMENT_TARGET = 16.0;
				MTL_ENABLE_DEBUG_INFO = NO;
				MTL_FAST_MATH = YES;
				SDKROOT = iphoneos;
				SWIFT_COMPILATION_MODE = wholemodule;
				SWIFT_OPTIMIZATION_LEVEL = "-O";
				VALIDATE_PRODUCT = YES;
			};
			name = Release;
		};
		87ACB1F6298EE95E00FFC499 /* Debug */ = {
			isa = XCBuildConfiguration;
			buildSettings = {
				ALWAYS_EMBED_SWIFT_STANDARD_LIBRARIES = YES;
				ASSETCATALOG_COMPILER_APPICON_NAME = AppIcon;
				ASSETCATALOG_COMPILER_GLOBAL_ACCENT_COLOR_NAME = AccentColor;
				CODE_SIGN_ENTITLEMENTS = "tzpi 2/tzpi 2.entitlements";
				CODE_SIGN_STYLE = Automatic;
				CURRENT_PROJECT_VERSION = 1;
				DEVELOPMENT_ASSET_PATHS = "\"tzpi 2/Preview Content\"";
				DEVELOPMENT_TEAM = J4R5PRZPV2;
				ENABLE_PREVIEWS = YES;
				GENERATE_INFOPLIST_FILE = YES;
				INFOPLIST_FILE = "tzpi-2-Info.plist";
				INFOPLIST_KEY_UIApplicationSceneManifest_Generation = YES;
				INFOPLIST_KEY_UIApplicationSupportsIndirectInputEvents = YES;
				INFOPLIST_KEY_UILaunchScreen_Generation = YES;
				INFOPLIST_KEY_UISupportedInterfaceOrientations_iPad = "UIInterfaceOrientationPortrait UIInterfaceOrientationPortraitUpsideDown UIInterfaceOrientationLandscapeLeft UIInterfaceOrientationLandscapeRight";
				INFOPLIST_KEY_UISupportedInterfaceOrientations_iPhone = "UIInterfaceOrientationPortrait UIInterfaceOrientationLandscapeLeft UIInterfaceOrientationLandscapeRight";
				LD_RUNPATH_SEARCH_PATHS = (
					"$(inherited)",
					"@executable_path/Frameworks",
				);
				MARKETING_VERSION = 1.0;
				PRODUCT_BUNDLE_IDENTIFIER = "etf.tzpi-2";
				PRODUCT_NAME = "$(TARGET_NAME)";
				SWIFT_EMIT_LOC_STRINGS = YES;
				SWIFT_VERSION = 5.0;
				TARGETED_DEVICE_FAMILY = "1,2";
			};
			name = Debug;
		};
		87ACB1F7298EE95E00FFC499 /* Release */ = {
			isa = XCBuildConfiguration;
			buildSettings = {
				ALWAYS_EMBED_SWIFT_STANDARD_LIBRARIES = YES;
				ASSETCATALOG_COMPILER_APPICON_NAME = AppIcon;
				ASSETCATALOG_COMPILER_GLOBAL_ACCENT_COLOR_NAME = AccentColor;
				CODE_SIGN_ENTITLEMENTS = "tzpi 2/tzpi 2.entitlements";
				CODE_SIGN_STYLE = Automatic;
				CURRENT_PROJECT_VERSION = 1;
				DEVELOPMENT_ASSET_PATHS = "\"tzpi 2/Preview Content\"";
				DEVELOPMENT_TEAM = J4R5PRZPV2;
				ENABLE_PREVIEWS = YES;
				GENERATE_INFOPLIST_FILE = YES;
				INFOPLIST_FILE = "tzpi-2-Info.plist";
				INFOPLIST_KEY_UIApplicationSceneManifest_Generation = YES;
				INFOPLIST_KEY_UIApplicationSupportsIndirectInputEvents = YES;
				INFOPLIST_KEY_UILaunchScreen_Generation = YES;
				INFOPLIST_KEY_UISupportedInterfaceOrientations_iPad = "UIInterfaceOrientationPortrait UIInterfaceOrientationPortraitUpsideDown UIInterfaceOrientationLandscapeLeft UIInterfaceOrientationLandscapeRight";
				INFOPLIST_KEY_UISupportedInterfaceOrientations_iPhone = "UIInterfaceOrientationPortrait UIInterfaceOrientationLandscapeLeft UIInterfaceOrientationLandscapeRight";
				LD_RUNPATH_SEARCH_PATHS = (
					"$(inherited)",
					"@executable_path/Frameworks",
				);
				MARKETING_VERSION = 1.0;
				PRODUCT_BUNDLE_IDENTIFIER = "etf.tzpi-2";
				PRODUCT_NAME = "$(TARGET_NAME)";
				SWIFT_EMIT_LOC_STRINGS = YES;
				SWIFT_VERSION = 5.0;
				TARGETED_DEVICE_FAMILY = "1,2";
			};
			name = Release;
		};
		87ACB1F9298EE95E00FFC499 /* Debug */ = {
			isa = XCBuildConfiguration;
			buildSettings = {
				ALWAYS_EMBED_SWIFT_STANDARD_LIBRARIES = YES;
				BUNDLE_LOADER = "$(TEST_HOST)";
				CODE_SIGN_STYLE = Automatic;
				CURRENT_PROJECT_VERSION = 1;
				GENERATE_INFOPLIST_FILE = YES;
				IPHONEOS_DEPLOYMENT_TARGET = 16.2;
				MARKETING_VERSION = 1.0;
				PRODUCT_BUNDLE_IDENTIFIER = "etf.tzpi-2Tests";
				PRODUCT_NAME = "$(TARGET_NAME)";
				SWIFT_EMIT_LOC_STRINGS = NO;
				SWIFT_VERSION = 5.0;
				TARGETED_DEVICE_FAMILY = "1,2";
				TEST_HOST = "$(BUILT_PRODUCTS_DIR)/tzpi 2.app/$(BUNDLE_EXECUTABLE_FOLDER_PATH)/tzpi 2";
			};
			name = Debug;
		};
		87ACB1FA298EE95E00FFC499 /* Release */ = {
			isa = XCBuildConfiguration;
			buildSettings = {
				ALWAYS_EMBED_SWIFT_STANDARD_LIBRARIES = YES;
				BUNDLE_LOADER = "$(TEST_HOST)";
				CODE_SIGN_STYLE = Automatic;
				CURRENT_PROJECT_VERSION = 1;
				GENERATE_INFOPLIST_FILE = YES;
				IPHONEOS_DEPLOYMENT_TARGET = 16.2;
				MARKETING_VERSION = 1.0;
				PRODUCT_BUNDLE_IDENTIFIER = "etf.tzpi-2Tests";
				PRODUCT_NAME = "$(TARGET_NAME)";
				SWIFT_EMIT_LOC_STRINGS = NO;
				SWIFT_VERSION = 5.0;
				TARGETED_DEVICE_FAMILY = "1,2";
				TEST_HOST = "$(BUILT_PRODUCTS_DIR)/tzpi 2.app/$(BUNDLE_EXECUTABLE_FOLDER_PATH)/tzpi 2";
			};
			name = Release;
		};
		87ACB1FC298EE95E00FFC499 /* Debug */ = {
			isa = XCBuildConfiguration;
			buildSettings = {
				ALWAYS_EMBED_SWIFT_STANDARD_LIBRARIES = YES;
				CODE_SIGN_STYLE = Automatic;
				CURRENT_PROJECT_VERSION = 1;
				GENERATE_INFOPLIST_FILE = YES;
				MARKETING_VERSION = 1.0;
				PRODUCT_BUNDLE_IDENTIFIER = "etf.tzpi-2UITests";
				PRODUCT_NAME = "$(TARGET_NAME)";
				SWIFT_EMIT_LOC_STRINGS = NO;
				SWIFT_VERSION = 5.0;
				TARGETED_DEVICE_FAMILY = "1,2";
				TEST_TARGET_NAME = "tzpi 2";
			};
			name = Debug;
		};
		87ACB1FD298EE95E00FFC499 /* Release */ = {
			isa = XCBuildConfiguration;
			buildSettings = {
				ALWAYS_EMBED_SWIFT_STANDARD_LIBRARIES = YES;
				CODE_SIGN_STYLE = Automatic;
				CURRENT_PROJECT_VERSION = 1;
				GENERATE_INFOPLIST_FILE = YES;
				MARKETING_VERSION = 1.0;
				PRODUCT_BUNDLE_IDENTIFIER = "etf.tzpi-2UITests";
				PRODUCT_NAME = "$(TARGET_NAME)";
				SWIFT_EMIT_LOC_STRINGS = NO;
				SWIFT_VERSION = 5.0;
				TARGETED_DEVICE_FAMILY = "1,2";
				TEST_TARGET_NAME = "tzpi 2";
			};
			name = Release;
		};
		87ACB20B298EE9A100FFC499 /* Debug */ = {
			isa = XCBuildConfiguration;
			buildSettings = {
				CODE_SIGN_ENTITLEMENTS = tzpi2/tzpi2.entitlements;
				CODE_SIGN_STYLE = Automatic;
				CURRENT_PROJECT_VERSION = 1;
				DEVELOPMENT_TEAM = J4R5PRZPV2;
				GENERATE_INFOPLIST_FILE = YES;
				INFOPLIST_FILE = tzpi2/Info.plist;
				INFOPLIST_KEY_CFBundleDisplayName = tzpi2;
				INFOPLIST_KEY_NSHumanReadableCopyright = "";
				LD_RUNPATH_SEARCH_PATHS = (
					"$(inherited)",
					"@executable_path/Frameworks",
					"@executable_path/../../Frameworks",
				);
				MARKETING_VERSION = 1.0;
				PRODUCT_BUNDLE_IDENTIFIER = "etf.tzpi-2.tzpi2";
				PRODUCT_NAME = "$(TARGET_NAME)";
				SKIP_INSTALL = YES;
				SWIFT_EMIT_LOC_STRINGS = YES;
				SWIFT_VERSION = 5.0;
				TARGETED_DEVICE_FAMILY = "1,2";
			};
			name = Debug;
		};
		87ACB20C298EE9A100FFC499 /* Release */ = {
			isa = XCBuildConfiguration;
			buildSettings = {
				CODE_SIGN_ENTITLEMENTS = tzpi2/tzpi2.entitlements;
				CODE_SIGN_STYLE = Automatic;
				CURRENT_PROJECT_VERSION = 1;
				DEVELOPMENT_TEAM = J4R5PRZPV2;
				GENERATE_INFOPLIST_FILE = YES;
				INFOPLIST_FILE = tzpi2/Info.plist;
				INFOPLIST_KEY_CFBundleDisplayName = tzpi2;
				INFOPLIST_KEY_NSHumanReadableCopyright = "";
				LD_RUNPATH_SEARCH_PATHS = (
					"$(inherited)",
					"@executable_path/Frameworks",
					"@executable_path/../../Frameworks",
				);
				MARKETING_VERSION = 1.0;
				PRODUCT_BUNDLE_IDENTIFIER = "etf.tzpi-2.tzpi2";
				PRODUCT_NAME = "$(TARGET_NAME)";
				SKIP_INSTALL = YES;
				SWIFT_EMIT_LOC_STRINGS = YES;
				SWIFT_VERSION = 5.0;
				TARGETED_DEVICE_FAMILY = "1,2";
			};
			name = Release;
		};
/* End XCBuildConfiguration section */

/* Begin XCConfigurationList section */
		87ACB1CC298EE95C00FFC499 /* Build configuration list for PBXProject "tzpi 2" */ = {
			isa = XCConfigurationList;
			buildConfigurations = (
				87ACB1F3298EE95E00FFC499 /* Debug */,
				87ACB1F4298EE95E00FFC499 /* Release */,
			);
			defaultConfigurationIsVisible = 0;
			defaultConfigurationName = Release;
		};
		87ACB1F5298EE95E00FFC499 /* Build configuration list for PBXNativeTarget "tzpi 2" */ = {
			isa = XCConfigurationList;
			buildConfigurations = (
				87ACB1F6298EE95E00FFC499 /* Debug */,
				87ACB1F7298EE95E00FFC499 /* Release */,
			);
			defaultConfigurationIsVisible = 0;
			defaultConfigurationName = Release;
		};
		87ACB1F8298EE95E00FFC499 /* Build configuration list for PBXNativeTarget "tzpi 2Tests" */ = {
			isa = XCConfigurationList;
			buildConfigurations = (
				87ACB1F9298EE95E00FFC499 /* Debug */,
				87ACB1FA298EE95E00FFC499 /* Release */,
			);
			defaultConfigurationIsVisible = 0;
			defaultConfigurationName = Release;
		};
		87ACB1FB298EE95E00FFC499 /* Build configuration list for PBXNativeTarget "tzpi 2UITests" */ = {
			isa = XCConfigurationList;
			buildConfigurations = (
				87ACB1FC298EE95E00FFC499 /* Debug */,
				87ACB1FD298EE95E00FFC499 /* Release */,
			);
			defaultConfigurationIsVisible = 0;
			defaultConfigurationName = Release;
		};
		87ACB20A298EE9A100FFC499 /* Build configuration list for PBXNativeTarget "tzpi2" */ = {
			isa = XCConfigurationList;
			buildConfigurations = (
				87ACB20B298EE9A100FFC499 /* Debug */,
				87ACB20C298EE9A100FFC499 /* Release */,
			);
			defaultConfigurationIsVisible = 0;
			defaultConfigurationName = Release;
		};
/* End XCConfigurationList section */

/* Begin XCRemoteSwiftPackageReference section */
		87A202AD29A3D03600E1D19B /* XCRemoteSwiftPackageReference "mixpanel-swift" */ = {
			isa = XCRemoteSwiftPackageReference;
			repositoryURL = "https://github.com/mixpanel/mixpanel-swift#1-install-mixpanel";
			requirement = {
				branch = master;
				kind = branch;
			};
		};
/* End XCRemoteSwiftPackageReference section */

/* Begin XCSwiftPackageProductDependency section */
		87A202AE29A3D03600E1D19B /* Mixpanel */ = {
			isa = XCSwiftPackageProductDependency;
			package = 87A202AD29A3D03600E1D19B /* XCRemoteSwiftPackageReference "mixpanel-swift" */;
			productName = Mixpanel;
		};
		87A202B129A3D73400E1D19B /* Mixpanel */ = {
			isa = XCSwiftPackageProductDependency;
			package = 87A202AD29A3D03600E1D19B /* XCRemoteSwiftPackageReference "mixpanel-swift" */;
			productName = Mixpanel;
		};
/* End XCSwiftPackageProductDependency section */
	};
	rootObject = 87ACB1C9298EE95C00FFC499 /* Project object */;
}
